// !$*UTF8*$!
{
	archiveVersion = 1;
	classes = {
	};
	objectVersion = 50;
	objects = {

/* Begin PBXBuildFile section */
		C38750182AF2293F00713B61 /* Bank.swift in Sources */ = {isa = PBXBuildFile; fileRef = C38750172AF2293F00713B61 /* Bank.swift */; };
		C387501B2AF22A0400713B61 /* Queue.swift in Sources */ = {isa = PBXBuildFile; fileRef = C387501A2AF22A0400713B61 /* Queue.swift */; };
		C387501D2AF22AAA00713B61 /* Customer.swift in Sources */ = {isa = PBXBuildFile; fileRef = C387501C2AF22AAA00713B61 /* Customer.swift */; };
		C387501F2AF2368600713B61 /* main.swift in Sources */ = {isa = PBXBuildFile; fileRef = C7694E79259C3EC00053667F /* main.swift */; };
		C38750252AF390ED00713B61 /* Double.swift in Sources */ = {isa = PBXBuildFile; fileRef = C38750242AF390ED00713B61 /* Double.swift */; };
		C38750282AF3B13900713B61 /* Bank.swift in Sources */ = {isa = PBXBuildFile; fileRef = C38750172AF2293F00713B61 /* Bank.swift */; };
		C38750292AF3B14700713B61 /* Queue.swift in Sources */ = {isa = PBXBuildFile; fileRef = C387501A2AF22A0400713B61 /* Queue.swift */; };
		C387502A2AF3B15600713B61 /* Customer.swift in Sources */ = {isa = PBXBuildFile; fileRef = C387501C2AF22AAA00713B61 /* Customer.swift */; };
		C387502B2AF3B15D00713B61 /* Double.swift in Sources */ = {isa = PBXBuildFile; fileRef = C38750242AF390ED00713B61 /* Double.swift */; };
		C38750322AF8C04000713B61 /* Menu.swift in Sources */ = {isa = PBXBuildFile; fileRef = C38750312AF8C04000713B61 /* Menu.swift */; };
		C3C9A21A2AF089E900BBB4A7 /* BankManagerConsoleAppTest.swift in Sources */ = {isa = PBXBuildFile; fileRef = C3C9A2192AF089E900BBB4A7 /* BankManagerConsoleAppTest.swift */; };
		C3C9A21E2AF089FB00BBB4A7 /* BankManager.swift in Sources */ = {isa = PBXBuildFile; fileRef = C7D65D1A259C8190005510E0 /* BankManager.swift */; };
		C7694E7A259C3EC00053667F /* main.swift in Sources */ = {isa = PBXBuildFile; fileRef = C7694E79259C3EC00053667F /* main.swift */; };
		C7D65D1B259C8190005510E0 /* BankManager.swift in Sources */ = {isa = PBXBuildFile; fileRef = C7D65D1A259C8190005510E0 /* BankManager.swift */; };
		E13778FE2AFC6D0C0061D1A5 /* BankServiceExecutor.swift in Sources */ = {isa = PBXBuildFile; fileRef = E13778FD2AFC6D0C0061D1A5 /* BankServiceExecutor.swift */; };
		E13779002AFDBBAC0061D1A5 /* OperationQueue.swift in Sources */ = {isa = PBXBuildFile; fileRef = E13778FF2AFDBBAC0061D1A5 /* OperationQueue.swift */; };
		E1A8F3AB2AF8C85800678EDC /* ServiceType.swift in Sources */ = {isa = PBXBuildFile; fileRef = E1A8F3AA2AF8C85800678EDC /* ServiceType.swift */; };
		E1CAD4742AF8B6ED0015C95B /* Prompt.swift in Sources */ = {isa = PBXBuildFile; fileRef = E1CAD4732AF8B6ED0015C95B /* Prompt.swift */; };
/* End PBXBuildFile section */

/* Begin PBXCopyFilesBuildPhase section */
		C7694E74259C3EC00053667F /* CopyFiles */ = {
			isa = PBXCopyFilesBuildPhase;
			buildActionMask = 2147483647;
			dstPath = /usr/share/man/man1/;
			dstSubfolderSpec = 0;
			files = (
			);
			runOnlyForDeploymentPostprocessing = 1;
		};
/* End PBXCopyFilesBuildPhase section */

/* Begin PBXFileReference section */
		C38750172AF2293F00713B61 /* Bank.swift */ = {isa = PBXFileReference; lastKnownFileType = sourcecode.swift; path = Bank.swift; sourceTree = "<group>"; };
		C387501A2AF22A0400713B61 /* Queue.swift */ = {isa = PBXFileReference; lastKnownFileType = sourcecode.swift; path = Queue.swift; sourceTree = "<group>"; };
		C387501C2AF22AAA00713B61 /* Customer.swift */ = {isa = PBXFileReference; lastKnownFileType = sourcecode.swift; path = Customer.swift; sourceTree = "<group>"; };
		C38750242AF390ED00713B61 /* Double.swift */ = {isa = PBXFileReference; lastKnownFileType = sourcecode.swift; path = Double.swift; sourceTree = "<group>"; };
		C38750312AF8C04000713B61 /* Menu.swift */ = {isa = PBXFileReference; lastKnownFileType = sourcecode.swift; path = Menu.swift; sourceTree = "<group>"; };
		C3C9A2172AF089E900BBB4A7 /* BankManagerConsoleAppTest.xctest */ = {isa = PBXFileReference; explicitFileType = wrapper.cfbundle; includeInIndex = 0; path = BankManagerConsoleAppTest.xctest; sourceTree = BUILT_PRODUCTS_DIR; };
		C3C9A2192AF089E900BBB4A7 /* BankManagerConsoleAppTest.swift */ = {isa = PBXFileReference; lastKnownFileType = sourcecode.swift; path = BankManagerConsoleAppTest.swift; sourceTree = "<group>"; };
		C7694E76259C3EC00053667F /* BankManagerConsoleApp */ = {isa = PBXFileReference; explicitFileType = "compiled.mach-o.executable"; includeInIndex = 0; path = BankManagerConsoleApp; sourceTree = BUILT_PRODUCTS_DIR; };
		C7694E79259C3EC00053667F /* main.swift */ = {isa = PBXFileReference; lastKnownFileType = sourcecode.swift; path = main.swift; sourceTree = "<group>"; };
		C7D65D1A259C8190005510E0 /* BankManager.swift */ = {isa = PBXFileReference; fileEncoding = 4; lastKnownFileType = sourcecode.swift; path = BankManager.swift; sourceTree = "<group>"; };
		E13778FD2AFC6D0C0061D1A5 /* BankServiceExecutor.swift */ = {isa = PBXFileReference; lastKnownFileType = sourcecode.swift; path = BankServiceExecutor.swift; sourceTree = "<group>"; };
		E13778FF2AFDBBAC0061D1A5 /* OperationQueue.swift */ = {isa = PBXFileReference; lastKnownFileType = sourcecode.swift; path = OperationQueue.swift; sourceTree = "<group>"; };
		E1A8F3AA2AF8C85800678EDC /* ServiceType.swift */ = {isa = PBXFileReference; lastKnownFileType = sourcecode.swift; path = ServiceType.swift; sourceTree = "<group>"; };
		E1CAD4732AF8B6ED0015C95B /* Prompt.swift */ = {isa = PBXFileReference; lastKnownFileType = sourcecode.swift; path = Prompt.swift; sourceTree = "<group>"; };
/* End PBXFileReference section */

/* Begin PBXFrameworksBuildPhase section */
		C3C9A2142AF089E900BBB4A7 /* Frameworks */ = {
			isa = PBXFrameworksBuildPhase;
			buildActionMask = 2147483647;
			files = (
			);
			runOnlyForDeploymentPostprocessing = 0;
		};
		C7694E73259C3EC00053667F /* Frameworks */ = {
			isa = PBXFrameworksBuildPhase;
			buildActionMask = 2147483647;
			files = (
			);
			runOnlyForDeploymentPostprocessing = 0;
		};
/* End PBXFrameworksBuildPhase section */

/* Begin PBXGroup section */
		C38750192AF229C400713B61 /* Models */ = {
			isa = PBXGroup;
			children = (
				C387501C2AF22AAA00713B61 /* Customer.swift */,
				C38750172AF2293F00713B61 /* Bank.swift */,
				C387501A2AF22A0400713B61 /* Queue.swift */,
				E1CAD4732AF8B6ED0015C95B /* Prompt.swift */,
				C38750312AF8C04000713B61 /* Menu.swift */,
				E1A8F3AA2AF8C85800678EDC /* ServiceType.swift */,
				E13778FD2AFC6D0C0061D1A5 /* BankServiceExecutor.swift */,
			);
			path = Models;
			sourceTree = "<group>";
		};
		C387501E2AF2367B00713B61 /* Controllers */ = {
			isa = PBXGroup;
			children = (
				C7694E79259C3EC00053667F /* main.swift */,
				C7D65D1A259C8190005510E0 /* BankManager.swift */,
			);
			path = Controllers;
			sourceTree = "<group>";
		};
		C38750232AF38FCA00713B61 /* Extensions */ = {
			isa = PBXGroup;
			children = (
				C38750242AF390ED00713B61 /* Double.swift */,
				E13778FF2AFDBBAC0061D1A5 /* OperationQueue.swift */,
			);
			path = Extensions;
			sourceTree = "<group>";
		};
		C3C9A2182AF089E900BBB4A7 /* BankManagerConsoleAppTest */ = {
			isa = PBXGroup;
			children = (
				C3C9A2192AF089E900BBB4A7 /* BankManagerConsoleAppTest.swift */,
			);
			path = BankManagerConsoleAppTest;
			sourceTree = "<group>";
		};
		C7694E6D259C3EC00053667F = {
			isa = PBXGroup;
			children = (
				C7694E78259C3EC00053667F /* BankManagerConsoleApp */,
				C3C9A2182AF089E900BBB4A7 /* BankManagerConsoleAppTest */,
				C7694E77259C3EC00053667F /* Products */,
			);
			sourceTree = "<group>";
		};
		C7694E77259C3EC00053667F /* Products */ = {
			isa = PBXGroup;
			children = (
				C7694E76259C3EC00053667F /* BankManagerConsoleApp */,
				C3C9A2172AF089E900BBB4A7 /* BankManagerConsoleAppTest.xctest */,
			);
			name = Products;
			sourceTree = "<group>";
		};
		C7694E78259C3EC00053667F /* BankManagerConsoleApp */ = {
			isa = PBXGroup;
			children = (
				C387501E2AF2367B00713B61 /* Controllers */,
				C38750232AF38FCA00713B61 /* Extensions */,
				C38750192AF229C400713B61 /* Models */,
			);
			path = BankManagerConsoleApp;
			sourceTree = "<group>";
		};
/* End PBXGroup section */

/* Begin PBXNativeTarget section */
		C3C9A2162AF089E900BBB4A7 /* BankManagerConsoleAppTest */ = {
			isa = PBXNativeTarget;
			buildConfigurationList = C3C9A21D2AF089E900BBB4A7 /* Build configuration list for PBXNativeTarget "BankManagerConsoleAppTest" */;
			buildPhases = (
				C3C9A2132AF089E900BBB4A7 /* Sources */,
				C3C9A2142AF089E900BBB4A7 /* Frameworks */,
				C3C9A2152AF089E900BBB4A7 /* Resources */,
			);
			buildRules = (
			);
			dependencies = (
			);
			name = BankManagerConsoleAppTest;
			productName = BankManagerConsoleAppTest;
			productReference = C3C9A2172AF089E900BBB4A7 /* BankManagerConsoleAppTest.xctest */;
			productType = "com.apple.product-type.bundle.unit-test";
		};
		C7694E75259C3EC00053667F /* BankManagerConsoleApp */ = {
			isa = PBXNativeTarget;
			buildConfigurationList = C7694E7D259C3EC00053667F /* Build configuration list for PBXNativeTarget "BankManagerConsoleApp" */;
			buildPhases = (
				C7694E72259C3EC00053667F /* Sources */,
				C7694E73259C3EC00053667F /* Frameworks */,
				C7694E74259C3EC00053667F /* CopyFiles */,
			);
			buildRules = (
			);
			dependencies = (
			);
			name = BankManagerConsoleApp;
			productName = BankManagerConsoleApp;
			productReference = C7694E76259C3EC00053667F /* BankManagerConsoleApp */;
			productType = "com.apple.product-type.tool";
		};
/* End PBXNativeTarget section */

/* Begin PBXProject section */
		C7694E6E259C3EC00053667F /* Project object */ = {
			isa = PBXProject;
			attributes = {
				LastSwiftUpdateCheck = 1500;
				LastUpgradeCheck = 1210;
				TargetAttributes = {
					C3C9A2162AF089E900BBB4A7 = {
						CreatedOnToolsVersion = 15.0;
					};
					C7694E75259C3EC00053667F = {
						CreatedOnToolsVersion = 12.1;
					};
				};
			};
			buildConfigurationList = C7694E71259C3EC00053667F /* Build configuration list for PBXProject "BankManagerConsoleApp" */;
			compatibilityVersion = "Xcode 9.3";
			developmentRegion = en;
			hasScannedForEncodings = 0;
			knownRegions = (
				en,
				Base,
			);
			mainGroup = C7694E6D259C3EC00053667F;
			productRefGroup = C7694E77259C3EC00053667F /* Products */;
			projectDirPath = "";
			projectRoot = "";
			targets = (
				C7694E75259C3EC00053667F /* BankManagerConsoleApp */,
				C3C9A2162AF089E900BBB4A7 /* BankManagerConsoleAppTest */,
			);
		};
/* End PBXProject section */

/* Begin PBXResourcesBuildPhase section */
		C3C9A2152AF089E900BBB4A7 /* Resources */ = {
			isa = PBXResourcesBuildPhase;
			buildActionMask = 2147483647;
			files = (
			);
			runOnlyForDeploymentPostprocessing = 0;
		};
/* End PBXResourcesBuildPhase section */

/* Begin PBXSourcesBuildPhase section */
		C3C9A2132AF089E900BBB4A7 /* Sources */ = {
			isa = PBXSourcesBuildPhase;
			buildActionMask = 2147483647;
			files = (
				C38750292AF3B14700713B61 /* Queue.swift in Sources */,
				C3C9A21A2AF089E900BBB4A7 /* BankManagerConsoleAppTest.swift in Sources */,
				C38750282AF3B13900713B61 /* Bank.swift in Sources */,
				C387502A2AF3B15600713B61 /* Customer.swift in Sources */,
				C3C9A21E2AF089FB00BBB4A7 /* BankManager.swift in Sources */,
				C387501F2AF2368600713B61 /* main.swift in Sources */,
				C387502B2AF3B15D00713B61 /* Double.swift in Sources */,
			);
			runOnlyForDeploymentPostprocessing = 0;
		};
		C7694E72259C3EC00053667F /* Sources */ = {
			isa = PBXSourcesBuildPhase;
			buildActionMask = 2147483647;
			files = (
				C38750182AF2293F00713B61 /* Bank.swift in Sources */,
				E1CAD4742AF8B6ED0015C95B /* Prompt.swift in Sources */,
				C38750322AF8C04000713B61 /* Menu.swift in Sources */,
				C387501D2AF22AAA00713B61 /* Customer.swift in Sources */,
				C7694E7A259C3EC00053667F /* main.swift in Sources */,
				E1A8F3AB2AF8C85800678EDC /* ServiceType.swift in Sources */,
				C7D65D1B259C8190005510E0 /* BankManager.swift in Sources */,
				E13779002AFDBBAC0061D1A5 /* OperationQueue.swift in Sources */,
				C38750252AF390ED00713B61 /* Double.swift in Sources */,
				C387501B2AF22A0400713B61 /* Queue.swift in Sources */,
				E13778FE2AFC6D0C0061D1A5 /* BankServiceExecutor.swift in Sources */,
			);
			runOnlyForDeploymentPostprocessing = 0;
		};
/* End PBXSourcesBuildPhase section */

/* Begin XCBuildConfiguration section */
		C3C9A21B2AF089E900BBB4A7 /* Debug */ = {
			isa = XCBuildConfiguration;
			buildSettings = {
				ASSETCATALOG_COMPILER_GENERATE_SWIFT_ASSET_SYMBOL_EXTENSIONS = YES;
				CLANG_CXX_LANGUAGE_STANDARD = "gnu++20";
				CODE_SIGN_STYLE = Automatic;
				CURRENT_PROJECT_VERSION = 1;
				DEVELOPMENT_TEAM = 85T5UV3AAF;
				ENABLE_USER_SCRIPT_SANDBOXING = YES;
				GCC_C_LANGUAGE_STANDARD = gnu17;
				GENERATE_INFOPLIST_FILE = YES;
				IPHONEOS_DEPLOYMENT_TARGET = 17.0;
				LOCALIZATION_PREFERS_STRING_CATALOGS = YES;
				MACOSX_DEPLOYMENT_TARGET = 14.0;
				MARKETING_VERSION = 1.0;
				PRODUCT_BUNDLE_IDENTIFIER = GGomidle.BankManagerConsoleAppTest;
				PRODUCT_NAME = "$(TARGET_NAME)";
				SDKROOT = auto;
				SUPPORTED_PLATFORMS = "iphoneos iphonesimulator macosx";
				SWIFT_ACTIVE_COMPILATION_CONDITIONS = "DEBUG $(inherited)";
				SWIFT_EMIT_LOC_STRINGS = NO;
				SWIFT_VERSION = 5.0;
				TARGETED_DEVICE_FAMILY = "1,2";
			};
			name = Debug;
		};
		C3C9A21C2AF089E900BBB4A7 /* Release */ = {
			isa = XCBuildConfiguration;
			buildSettings = {
				ASSETCATALOG_COMPILER_GENERATE_SWIFT_ASSET_SYMBOL_EXTENSIONS = YES;
				CLANG_CXX_LANGUAGE_STANDARD = "gnu++20";
				CODE_SIGN_STYLE = Automatic;
				CURRENT_PROJECT_VERSION = 1;
				DEVELOPMENT_TEAM = 85T5UV3AAF;
				ENABLE_USER_SCRIPT_SANDBOXING = YES;
				GCC_C_LANGUAGE_STANDARD = gnu17;
				GENERATE_INFOPLIST_FILE = YES;
				IPHONEOS_DEPLOYMENT_TARGET = 17.0;
				LOCALIZATION_PREFERS_STRING_CATALOGS = YES;
				MACOSX_DEPLOYMENT_TARGET = 14.0;
				MARKETING_VERSION = 1.0;
				PRODUCT_BUNDLE_IDENTIFIER = GGomidle.BankManagerConsoleAppTest;
				PRODUCT_NAME = "$(TARGET_NAME)";
				SDKROOT = auto;
				SUPPORTED_PLATFORMS = "iphoneos iphonesimulator macosx";
				SWIFT_EMIT_LOC_STRINGS = NO;
				SWIFT_VERSION = 5.0;
				TARGETED_DEVICE_FAMILY = "1,2";
			};
			name = Release;
		};
		C7694E7B259C3EC00053667F /* Debug */ = {
			isa = XCBuildConfiguration;
			buildSettings = {
				ALWAYS_SEARCH_USER_PATHS = NO;
				CLANG_ANALYZER_NONNULL = YES;
				CLANG_ANALYZER_NUMBER_OBJECT_CONVERSION = YES_AGGRESSIVE;
				CLANG_CXX_LANGUAGE_STANDARD = "gnu++14";
				CLANG_CXX_LIBRARY = "libc++";
				CLANG_ENABLE_MODULES = YES;
				CLANG_ENABLE_OBJC_ARC = YES;
				CLANG_ENABLE_OBJC_WEAK = YES;
				CLANG_WARN_BLOCK_CAPTURE_AUTORELEASING = YES;
				CLANG_WARN_BOOL_CONVERSION = YES;
				CLANG_WARN_COMMA = YES;
				CLANG_WARN_CONSTANT_CONVERSION = YES;
				CLANG_WARN_DEPRECATED_OBJC_IMPLEMENTATIONS = YES;
				CLANG_WARN_DIRECT_OBJC_ISA_USAGE = YES_ERROR;
				CLANG_WARN_DOCUMENTATION_COMMENTS = YES;
				CLANG_WARN_EMPTY_BODY = YES;
				CLANG_WARN_ENUM_CONVERSION = YES;
				CLANG_WARN_INFINITE_RECURSION = YES;
				CLANG_WARN_INT_CONVERSION = YES;
				CLANG_WARN_NON_LITERAL_NULL_CONVERSION = YES;
				CLANG_WARN_OBJC_IMPLICIT_RETAIN_SELF = YES;
				CLANG_WARN_OBJC_LITERAL_CONVERSION = YES;
				CLANG_WARN_OBJC_ROOT_CLASS = YES_ERROR;
				CLANG_WARN_QUOTED_INCLUDE_IN_FRAMEWORK_HEADER = YES;
				CLANG_WARN_RANGE_LOOP_ANALYSIS = YES;
				CLANG_WARN_STRICT_PROTOTYPES = YES;
				CLANG_WARN_SUSPICIOUS_MOVE = YES;
				CLANG_WARN_UNGUARDED_AVAILABILITY = YES_AGGRESSIVE;
				CLANG_WARN_UNREACHABLE_CODE = YES;
				CLANG_WARN__DUPLICATE_METHOD_MATCH = YES;
				COPY_PHASE_STRIP = NO;
				DEBUG_INFORMATION_FORMAT = dwarf;
				ENABLE_STRICT_OBJC_MSGSEND = YES;
				ENABLE_TESTABILITY = YES;
				GCC_C_LANGUAGE_STANDARD = gnu11;
				GCC_DYNAMIC_NO_PIC = NO;
				GCC_NO_COMMON_BLOCKS = YES;
				GCC_OPTIMIZATION_LEVEL = 0;
				GCC_PREPROCESSOR_DEFINITIONS = (
					"DEBUG=1",
					"$(inherited)",
				);
				GCC_WARN_64_TO_32_BIT_CONVERSION = YES;
				GCC_WARN_ABOUT_RETURN_TYPE = YES_ERROR;
				GCC_WARN_UNDECLARED_SELECTOR = YES;
				GCC_WARN_UNINITIALIZED_AUTOS = YES_AGGRESSIVE;
				GCC_WARN_UNUSED_FUNCTION = YES;
				GCC_WARN_UNUSED_VARIABLE = YES;
				MACOSX_DEPLOYMENT_TARGET = 10.15;
				MTL_ENABLE_DEBUG_INFO = INCLUDE_SOURCE;
				MTL_FAST_MATH = YES;
				ONLY_ACTIVE_ARCH = YES;
				SDKROOT = macosx;
				SWIFT_ACTIVE_COMPILATION_CONDITIONS = DEBUG;
				SWIFT_OPTIMIZATION_LEVEL = "-Onone";
			};
			name = Debug;
		};
		C7694E7C259C3EC00053667F /* Release */ = {
			isa = XCBuildConfiguration;
			buildSettings = {
				ALWAYS_SEARCH_USER_PATHS = NO;
				CLANG_ANALYZER_NONNULL = YES;
				CLANG_ANALYZER_NUMBER_OBJECT_CONVERSION = YES_AGGRESSIVE;
				CLANG_CXX_LANGUAGE_STANDARD = "gnu++14";
				CLANG_CXX_LIBRARY = "libc++";
				CLANG_ENABLE_MODULES = YES;
				CLANG_ENABLE_OBJC_ARC = YES;
				CLANG_ENABLE_OBJC_WEAK = YES;
				CLANG_WARN_BLOCK_CAPTURE_AUTORELEASING = YES;
				CLANG_WARN_BOOL_CONVERSION = YES;
				CLANG_WARN_COMMA = YES;
				CLANG_WARN_CONSTANT_CONVERSION = YES;
				CLANG_WARN_DEPRECATED_OBJC_IMPLEMENTATIONS = YES;
				CLANG_WARN_DIRECT_OBJC_ISA_USAGE = YES_ERROR;
				CLANG_WARN_DOCUMENTATION_COMMENTS = YES;
				CLANG_WARN_EMPTY_BODY = YES;
				CLANG_WARN_ENUM_CONVERSION = YES;
				CLANG_WARN_INFINITE_RECURSION = YES;
				CLANG_WARN_INT_CONVERSION = YES;
				CLANG_WARN_NON_LITERAL_NULL_CONVERSION = YES;
				CLANG_WARN_OBJC_IMPLICIT_RETAIN_SELF = YES;
				CLANG_WARN_OBJC_LITERAL_CONVERSION = YES;
				CLANG_WARN_OBJC_ROOT_CLASS = YES_ERROR;
				CLANG_WARN_QUOTED_INCLUDE_IN_FRAMEWORK_HEADER = YES;
				CLANG_WARN_RANGE_LOOP_ANALYSIS = YES;
				CLANG_WARN_STRICT_PROTOTYPES = YES;
				CLANG_WARN_SUSPICIOUS_MOVE = YES;
				CLANG_WARN_UNGUARDED_AVAILABILITY = YES_AGGRESSIVE;
				CLANG_WARN_UNREACHABLE_CODE = YES;
				CLANG_WARN__DUPLICATE_METHOD_MATCH = YES;
				COPY_PHASE_STRIP = NO;
				DEBUG_INFORMATION_FORMAT = "dwarf-with-dsym";
				ENABLE_NS_ASSERTIONS = NO;
				ENABLE_STRICT_OBJC_MSGSEND = YES;
				GCC_C_LANGUAGE_STANDARD = gnu11;
				GCC_NO_COMMON_BLOCKS = YES;
				GCC_WARN_64_TO_32_BIT_CONVERSION = YES;
				GCC_WARN_ABOUT_RETURN_TYPE = YES_ERROR;
				GCC_WARN_UNDECLARED_SELECTOR = YES;
				GCC_WARN_UNINITIALIZED_AUTOS = YES_AGGRESSIVE;
				GCC_WARN_UNUSED_FUNCTION = YES;
				GCC_WARN_UNUSED_VARIABLE = YES;
				MACOSX_DEPLOYMENT_TARGET = 10.15;
				MTL_ENABLE_DEBUG_INFO = NO;
				MTL_FAST_MATH = YES;
				SDKROOT = macosx;
				SWIFT_COMPILATION_MODE = wholemodule;
				SWIFT_OPTIMIZATION_LEVEL = "-O";
			};
			name = Release;
		};
		C7694E7E259C3EC00053667F /* Debug */ = {
			isa = XCBuildConfiguration;
			buildSettings = {
				CODE_SIGN_STYLE = Automatic;
				PRODUCT_NAME = "$(TARGET_NAME)";
				SWIFT_VERSION = 5.0;
			};
			name = Debug;
		};
		C7694E7F259C3EC00053667F /* Release */ = {
			isa = XCBuildConfiguration;
			buildSettings = {
				CODE_SIGN_STYLE = Automatic;
				PRODUCT_NAME = "$(TARGET_NAME)";
				SWIFT_VERSION = 5.0;
			};
			name = Release;
		};
/* End XCBuildConfiguration section */

/* Begin XCConfigurationList section */
		C3C9A21D2AF089E900BBB4A7 /* Build configuration list for PBXNativeTarget "BankManagerConsoleAppTest" */ = {
			isa = XCConfigurationList;
			buildConfigurations = (
				C3C9A21B2AF089E900BBB4A7 /* Debug */,
				C3C9A21C2AF089E900BBB4A7 /* Release */,
			);
			defaultConfigurationIsVisible = 0;
			defaultConfigurationName = Release;
		};
		C7694E71259C3EC00053667F /* Build configuration list for PBXProject "BankManagerConsoleApp" */ = {
			isa = XCConfigurationList;
			buildConfigurations = (
				C7694E7B259C3EC00053667F /* Debug */,
				C7694E7C259C3EC00053667F /* Release */,
			);
			defaultConfigurationIsVisible = 0;
			defaultConfigurationName = Release;
		};
		C7694E7D259C3EC00053667F /* Build configuration list for PBXNativeTarget "BankManagerConsoleApp" */ = {
			isa = XCConfigurationList;
			buildConfigurations = (
				C7694E7E259C3EC00053667F /* Debug */,
				C7694E7F259C3EC00053667F /* Release */,
			);
			defaultConfigurationIsVisible = 0;
			defaultConfigurationName = Release;
		};
/* End XCConfigurationList section */
	};
	rootObject = C7694E6E259C3EC00053667F /* Project object */;
}
