// !$*UTF8*$!
{
	archiveVersion = 1;
	classes = {
	};
	objectVersion = 54;
	objects = {

/* Begin PBXBuildFile section */
		2776CBD12B6B844F00EF7155 /* TextInputReadable.swift in Sources */ = {isa = PBXBuildFile; fileRef = 2776CBD02B6B844F00EF7155 /* TextInputReadable.swift */; };
		2776CBD32B6B852F00EF7155 /* BankManagerAppMenu.swift in Sources */ = {isa = PBXBuildFile; fileRef = 2776CBD22B6B852F00EF7155 /* BankManagerAppMenu.swift */; };
		2776CBD52B6B854C00EF7155 /* IOError.swift in Sources */ = {isa = PBXBuildFile; fileRef = 2776CBD42B6B854C00EF7155 /* IOError.swift */; };
		2776CBD72B6B8BE900EF7155 /* LinkedList.swift in Sources */ = {isa = PBXBuildFile; fileRef = 2776CBD62B6B8BE900EF7155 /* LinkedList.swift */; };
		2776CBD92B6B8C1400EF7155 /* Node.swift in Sources */ = {isa = PBXBuildFile; fileRef = 2776CBD82B6B8C1400EF7155 /* Node.swift */; };
		C7694E7A259C3EC00053667F /* main.swift in Sources */ = {isa = PBXBuildFile; fileRef = C7694E79259C3EC00053667F /* main.swift */; };
		C7D65D1B259C8190005510E0 /* BankManager.swift in Sources */ = {isa = PBXBuildFile; fileRef = C7D65D1A259C8190005510E0 /* BankManager.swift */; };
		F475FC6C2B6CC0EF00B0E859 /* BankManagerAppError.swift in Sources */ = {isa = PBXBuildFile; fileRef = F475FC6B2B6CC0EF00B0E859 /* BankManagerAppError.swift */; };
		F4EC3C312B6A57B0006C9D11 /* BankTask.swift in Sources */ = {isa = PBXBuildFile; fileRef = F4EC3C302B6A57B0006C9D11 /* BankTask.swift */; };
		F4EC3C332B6A5B82006C9D11 /* Queue.swift in Sources */ = {isa = PBXBuildFile; fileRef = F4EC3C322B6A5B82006C9D11 /* Queue.swift */; };
		F4EC3C352B6A6BD1006C9D11 /* Order.swift in Sources */ = {isa = PBXBuildFile; fileRef = F4EC3C342B6A6BD1006C9D11 /* Order.swift */; };
		F4EC3C392B6A6C05006C9D11 /* TaskManager.swift in Sources */ = {isa = PBXBuildFile; fileRef = F4EC3C382B6A6C05006C9D11 /* TaskManager.swift */; };
		F4EC3C3B2B6A6C18006C9D11 /* BankerEnqueuable.swift in Sources */ = {isa = PBXBuildFile; fileRef = F4EC3C3A2B6A6C18006C9D11 /* BankerEnqueuable.swift */; };
		F4EC3C3F2B6A6CC3006C9D11 /* BankRunnable.swift in Sources */ = {isa = PBXBuildFile; fileRef = F4EC3C3E2B6A6CC3006C9D11 /* BankRunnable.swift */; };
		F4EC3C412B6A6CE6006C9D11 /* TaskManagable.swift in Sources */ = {isa = PBXBuildFile; fileRef = F4EC3C402B6A6CE6006C9D11 /* TaskManagable.swift */; };
		F4EC3C432B6A6D06006C9D11 /* Banker.swift in Sources */ = {isa = PBXBuildFile; fileRef = F4EC3C422B6A6D06006C9D11 /* Banker.swift */; };
		F4EC3C452B6A6D15006C9D11 /* ClientTaskHandlable.swift in Sources */ = {isa = PBXBuildFile; fileRef = F4EC3C442B6A6D15006C9D11 /* ClientTaskHandlable.swift */; };
		F4EC3C472B6A6D6F006C9D11 /* Client.swift in Sources */ = {isa = PBXBuildFile; fileRef = F4EC3C462B6A6D6F006C9D11 /* Client.swift */; };
		F4EC3C492B6A70E7006C9D11 /* ClientEnqueuable.swift in Sources */ = {isa = PBXBuildFile; fileRef = F4EC3C482B6A70E7006C9D11 /* ClientEnqueuable.swift */; };
		F4EC3C4B2B6A71E0006C9D11 /* TextOutputDisplayable.swift in Sources */ = {isa = PBXBuildFile; fileRef = F4EC3C4A2B6A71E0006C9D11 /* TextOutputDisplayable.swift */; };
		F4EC3C4D2B6A71F8006C9D11 /* ConsoleManager.swift in Sources */ = {isa = PBXBuildFile; fileRef = F4EC3C4C2B6A71F8006C9D11 /* ConsoleManager.swift */; };
		F4EC3C502B6B6701006C9D11 /* BankManagerApp.swift in Sources */ = {isa = PBXBuildFile; fileRef = F4EC3C4F2B6B6701006C9D11 /* BankManagerApp.swift */; };
		F4EC3C522B6B7F9A006C9D11 /* TicketDispenser.swift in Sources */ = {isa = PBXBuildFile; fileRef = F4EC3C512B6B7F9A006C9D11 /* TicketDispenser.swift */; };
		F4EC3C542B6B7FAE006C9D11 /* TicketProvidable.swift in Sources */ = {isa = PBXBuildFile; fileRef = F4EC3C532B6B7FAE006C9D11 /* TicketProvidable.swift */; };
/* End PBXBuildFile section */

/* Begin PBXCopyFilesBuildPhase section */
		C7694E74259C3EC00053667F /* CopyFiles */ = {
			isa = PBXCopyFilesBuildPhase;
			buildActionMask = 2147483647;
			dstPath = /usr/share/man/man1/;
			dstSubfolderSpec = 0;
			files = (
			);
			runOnlyForDeploymentPostprocessing = 1;
		};
/* End PBXCopyFilesBuildPhase section */

/* Begin PBXFileReference section */
		2776CBD02B6B844F00EF7155 /* TextInputReadable.swift */ = {isa = PBXFileReference; lastKnownFileType = sourcecode.swift; path = TextInputReadable.swift; sourceTree = "<group>"; };
		2776CBD22B6B852F00EF7155 /* BankManagerAppMenu.swift */ = {isa = PBXFileReference; lastKnownFileType = sourcecode.swift; path = BankManagerAppMenu.swift; sourceTree = "<group>"; };
		2776CBD42B6B854C00EF7155 /* IOError.swift */ = {isa = PBXFileReference; lastKnownFileType = sourcecode.swift; path = IOError.swift; sourceTree = "<group>"; };
		2776CBD62B6B8BE900EF7155 /* LinkedList.swift */ = {isa = PBXFileReference; lastKnownFileType = sourcecode.swift; path = LinkedList.swift; sourceTree = "<group>"; };
		2776CBD82B6B8C1400EF7155 /* Node.swift */ = {isa = PBXFileReference; lastKnownFileType = sourcecode.swift; path = Node.swift; sourceTree = "<group>"; };
		C7694E76259C3EC00053667F /* BankManagerConsoleApp */ = {isa = PBXFileReference; explicitFileType = "compiled.mach-o.executable"; includeInIndex = 0; path = BankManagerConsoleApp; sourceTree = BUILT_PRODUCTS_DIR; };
		C7694E79259C3EC00053667F /* main.swift */ = {isa = PBXFileReference; lastKnownFileType = sourcecode.swift; path = main.swift; sourceTree = "<group>"; };
		C7D65D1A259C8190005510E0 /* BankManager.swift */ = {isa = PBXFileReference; fileEncoding = 4; lastKnownFileType = sourcecode.swift; path = BankManager.swift; sourceTree = "<group>"; };
		F475FC6B2B6CC0EF00B0E859 /* BankManagerAppError.swift */ = {isa = PBXFileReference; lastKnownFileType = sourcecode.swift; path = BankManagerAppError.swift; sourceTree = "<group>"; };
		F4EC3C302B6A57B0006C9D11 /* BankTask.swift */ = {isa = PBXFileReference; lastKnownFileType = sourcecode.swift; path = BankTask.swift; sourceTree = "<group>"; };
		F4EC3C322B6A5B82006C9D11 /* Queue.swift */ = {isa = PBXFileReference; lastKnownFileType = sourcecode.swift; path = Queue.swift; sourceTree = "<group>"; };
		F4EC3C342B6A6BD1006C9D11 /* Order.swift */ = {isa = PBXFileReference; lastKnownFileType = sourcecode.swift; path = Order.swift; sourceTree = "<group>"; };
		F4EC3C382B6A6C05006C9D11 /* TaskManager.swift */ = {isa = PBXFileReference; lastKnownFileType = sourcecode.swift; path = TaskManager.swift; sourceTree = "<group>"; };
		F4EC3C3A2B6A6C18006C9D11 /* BankerEnqueuable.swift */ = {isa = PBXFileReference; lastKnownFileType = sourcecode.swift; path = BankerEnqueuable.swift; sourceTree = "<group>"; };
		F4EC3C3E2B6A6CC3006C9D11 /* BankRunnable.swift */ = {isa = PBXFileReference; lastKnownFileType = sourcecode.swift; path = BankRunnable.swift; sourceTree = "<group>"; };
		F4EC3C402B6A6CE6006C9D11 /* TaskManagable.swift */ = {isa = PBXFileReference; lastKnownFileType = sourcecode.swift; path = TaskManagable.swift; sourceTree = "<group>"; };
		F4EC3C422B6A6D06006C9D11 /* Banker.swift */ = {isa = PBXFileReference; lastKnownFileType = sourcecode.swift; path = Banker.swift; sourceTree = "<group>"; };
		F4EC3C442B6A6D15006C9D11 /* ClientTaskHandlable.swift */ = {isa = PBXFileReference; lastKnownFileType = sourcecode.swift; path = ClientTaskHandlable.swift; sourceTree = "<group>"; };
		F4EC3C462B6A6D6F006C9D11 /* Client.swift */ = {isa = PBXFileReference; lastKnownFileType = sourcecode.swift; path = Client.swift; sourceTree = "<group>"; };
		F4EC3C482B6A70E7006C9D11 /* ClientEnqueuable.swift */ = {isa = PBXFileReference; lastKnownFileType = sourcecode.swift; path = ClientEnqueuable.swift; sourceTree = "<group>"; };
		F4EC3C4A2B6A71E0006C9D11 /* TextOutputDisplayable.swift */ = {isa = PBXFileReference; lastKnownFileType = sourcecode.swift; path = TextOutputDisplayable.swift; sourceTree = "<group>"; };
		F4EC3C4C2B6A71F8006C9D11 /* ConsoleManager.swift */ = {isa = PBXFileReference; lastKnownFileType = sourcecode.swift; path = ConsoleManager.swift; sourceTree = "<group>"; };
		F4EC3C4F2B6B6701006C9D11 /* BankManagerApp.swift */ = {isa = PBXFileReference; lastKnownFileType = sourcecode.swift; path = BankManagerApp.swift; sourceTree = "<group>"; };
		F4EC3C512B6B7F9A006C9D11 /* TicketDispenser.swift */ = {isa = PBXFileReference; lastKnownFileType = sourcecode.swift; path = TicketDispenser.swift; sourceTree = "<group>"; };
		F4EC3C532B6B7FAE006C9D11 /* TicketProvidable.swift */ = {isa = PBXFileReference; lastKnownFileType = sourcecode.swift; path = TicketProvidable.swift; sourceTree = "<group>"; };
/* End PBXFileReference section */

/* Begin PBXFrameworksBuildPhase section */
		C7694E73259C3EC00053667F /* Frameworks */ = {
			isa = PBXFrameworksBuildPhase;
			buildActionMask = 2147483647;
			files = (
			);
			runOnlyForDeploymentPostprocessing = 0;
		};
		F4EDF9F12B5F749400C3E54C /* Frameworks */ = {
			isa = PBXFrameworksBuildPhase;
			buildActionMask = 2147483647;
			files = (
			);
			runOnlyForDeploymentPostprocessing = 0;
		};
/* End PBXFrameworksBuildPhase section */

/* Begin PBXGroup section */
		2776CBDA2B6B8C1F00EF7155 /* Utils */ = {
			isa = PBXGroup;
			children = (
				F4EC3C322B6A5B82006C9D11 /* Queue.swift */,
				2776CBD62B6B8BE900EF7155 /* LinkedList.swift */,
				2776CBD82B6B8C1400EF7155 /* Node.swift */,
			);
			path = Utils;
			sourceTree = "<group>";
		};
		2776CBDB2B6B8C8C00EF7155 /* App */ = {
			isa = PBXGroup;
			children = (
				F4EC3C4F2B6B6701006C9D11 /* BankManagerApp.swift */,
				2776CBD22B6B852F00EF7155 /* BankManagerAppMenu.swift */,
				F475FC6B2B6CC0EF00B0E859 /* BankManagerAppError.swift */,
			);
			path = App;
			sourceTree = "<group>";
		};
		2776CBDC2B6B8CB400EF7155 /* View */ = {
			isa = PBXGroup;
			children = (
				2776CBD42B6B854C00EF7155 /* IOError.swift */,
				F4EC3C4C2B6A71F8006C9D11 /* ConsoleManager.swift */,
			);
			path = View;
			sourceTree = "<group>";
		};
		2776CBDD2B6B8D4300EF7155 /* Model */ = {
			isa = PBXGroup;
			children = (
				F4EC3C512B6B7F9A006C9D11 /* TicketDispenser.swift */,
				C7D65D1A259C8190005510E0 /* BankManager.swift */,
				F4EC3C382B6A6C05006C9D11 /* TaskManager.swift */,
				F4EC3C422B6A6D06006C9D11 /* Banker.swift */,
				2776CBDE2B6B8D5000EF7155 /* Value */,
			);
			path = Model;
			sourceTree = "<group>";
		};
		2776CBDE2B6B8D5000EF7155 /* Value */ = {
			isa = PBXGroup;
			children = (
				F4EC3C302B6A57B0006C9D11 /* BankTask.swift */,
				F4EC3C342B6A6BD1006C9D11 /* Order.swift */,
				F4EC3C462B6A6D6F006C9D11 /* Client.swift */,
			);
			path = Value;
			sourceTree = "<group>";
		};
		C7694E6D259C3EC00053667F = {
			isa = PBXGroup;
			children = (
				C7694E78259C3EC00053667F /* BankManagerConsoleApp */,
				C7694E77259C3EC00053667F /* Products */,
			);
			sourceTree = "<group>";
		};
		C7694E77259C3EC00053667F /* Products */ = {
			isa = PBXGroup;
			children = (
				C7694E76259C3EC00053667F /* BankManagerConsoleApp */,
			);
			name = Products;
			sourceTree = "<group>";
		};
		C7694E78259C3EC00053667F /* BankManagerConsoleApp */ = {
			isa = PBXGroup;
			children = (
				C7694E79259C3EC00053667F /* main.swift */,
				2776CBDB2B6B8C8C00EF7155 /* App */,
				2776CBDD2B6B8D4300EF7155 /* Model */,
				2776CBDC2B6B8CB400EF7155 /* View */,
				F4EC3C4E2B6A72C6006C9D11 /* Protocol */,
				2776CBDA2B6B8C1F00EF7155 /* Utils */,
			);
			path = BankManagerConsoleApp;
			sourceTree = "<group>";
		};
		F4EC3C4E2B6A72C6006C9D11 /* Protocol */ = {
			isa = PBXGroup;
			children = (
				F4EC3C3A2B6A6C18006C9D11 /* BankerEnqueuable.swift */,
				F4EC3C3E2B6A6CC3006C9D11 /* BankRunnable.swift */,
				F4EC3C402B6A6CE6006C9D11 /* TaskManagable.swift */,
				F4EC3C442B6A6D15006C9D11 /* ClientTaskHandlable.swift */,
				F4EC3C482B6A70E7006C9D11 /* ClientEnqueuable.swift */,
				2776CBD02B6B844F00EF7155 /* TextInputReadable.swift */,
				F4EC3C4A2B6A71E0006C9D11 /* TextOutputDisplayable.swift */,
				F4EC3C532B6B7FAE006C9D11 /* TicketProvidable.swift */,
			);
			path = Protocol;
			sourceTree = "<group>";
		};
/* End PBXGroup section */

/* Begin PBXNativeTarget section */
		C7694E75259C3EC00053667F /* BankManagerConsoleApp */ = {
			isa = PBXNativeTarget;
			buildConfigurationList = C7694E7D259C3EC00053667F /* Build configuration list for PBXNativeTarget "BankManagerConsoleApp" */;
			buildPhases = (
				C7694E72259C3EC00053667F /* Sources */,
				C7694E73259C3EC00053667F /* Frameworks */,
				C7694E74259C3EC00053667F /* CopyFiles */,
				F447FC372B5E50A2002A2692 /* Swift Lint Rules */,
			);
			buildRules = (
			);
			dependencies = (
			);
			name = BankManagerConsoleApp;
			productName = BankManagerConsoleApp;
			productReference = C7694E76259C3EC00053667F /* BankManagerConsoleApp */;
			productType = "com.apple.product-type.tool";
		};
		F4EDF9F32B5F749400C3E54C /* BankManagerConsoleAppTest */ = {
			isa = PBXNativeTarget;
			buildConfigurationList = F4EDF9FA2B5F749400C3E54C /* Build configuration list for PBXNativeTarget "BankManagerConsoleAppTest" */;
			buildPhases = (
				F4EDF9F02B5F749400C3E54C /* Sources */,
				F4EDF9F12B5F749400C3E54C /* Frameworks */,
				F4EDF9F22B5F749400C3E54C /* Resources */,
			);
			buildRules = (
			);
			dependencies = (
			);
			name = BankManagerConsoleAppTest;
			productName = BankManagerConsoleAppTest;
			productType = "com.apple.product-type.bundle.unit-test";
		};
/* End PBXNativeTarget section */

/* Begin PBXProject section */
		C7694E6E259C3EC00053667F /* Project object */ = {
			isa = PBXProject;
			attributes = {
				BuildIndependentTargetsInParallel = YES;
				LastSwiftUpdateCheck = 1520;
				LastUpgradeCheck = 1520;
				TargetAttributes = {
					C7694E75259C3EC00053667F = {
						CreatedOnToolsVersion = 12.1;
					};
					F4EDF9F32B5F749400C3E54C = {
						CreatedOnToolsVersion = 15.2;
					};
				};
			};
			buildConfigurationList = C7694E71259C3EC00053667F /* Build configuration list for PBXProject "BankManagerConsoleApp" */;
			compatibilityVersion = "Xcode 9.3";
			developmentRegion = en;
			hasScannedForEncodings = 0;
			knownRegions = (
				en,
				Base,
			);
			mainGroup = C7694E6D259C3EC00053667F;
			productRefGroup = C7694E77259C3EC00053667F /* Products */;
			projectDirPath = "";
			projectRoot = "";
			targets = (
				C7694E75259C3EC00053667F /* BankManagerConsoleApp */,
				F4EDF9F32B5F749400C3E54C /* BankManagerConsoleAppTest */,
			);
		};
/* End PBXProject section */

/* Begin PBXResourcesBuildPhase section */
		F4EDF9F22B5F749400C3E54C /* Resources */ = {
			isa = PBXResourcesBuildPhase;
			buildActionMask = 2147483647;
			files = (
			);
			runOnlyForDeploymentPostprocessing = 0;
		};
/* End PBXResourcesBuildPhase section */

/* Begin PBXShellScriptBuildPhase section */
		F447FC372B5E50A2002A2692 /* Swift Lint Rules */ = {
			isa = PBXShellScriptBuildPhase;
			alwaysOutOfDate = 1;
			buildActionMask = 2147483647;
			files = (
			);
			inputFileListPaths = (
			);
			inputPaths = (
			);
			name = "Swift Lint Rules";
			outputFileListPaths = (
			);
			outputPaths = (
			);
			runOnlyForDeploymentPostprocessing = 0;
			shellPath = /bin/sh;
			shellScript = "export PATH=\"$PATH:/opt/homebrew/bin\"\n\nif which swiftlint > /dev/null; then\n  swiftlint\nelse\n  echo \"warning: SwiftLint not installed, download from https://github.com/realm/SwiftLint\"\nfi\n";
		};
/* End PBXShellScriptBuildPhase section */

/* Begin PBXSourcesBuildPhase section */
		C7694E72259C3EC00053667F /* Sources */ = {
			isa = PBXSourcesBuildPhase;
			buildActionMask = 2147483647;
			files = (
				F4EC3C3F2B6A6CC3006C9D11 /* BankRunnable.swift in Sources */,
				2776CBD92B6B8C1400EF7155 /* Node.swift in Sources */,
				F4EC3C502B6B6701006C9D11 /* BankManagerApp.swift in Sources */,
				F4EC3C432B6A6D06006C9D11 /* Banker.swift in Sources */,
				C7694E7A259C3EC00053667F /* main.swift in Sources */,
				F4EC3C542B6B7FAE006C9D11 /* TicketProvidable.swift in Sources */,
				2776CBD72B6B8BE900EF7155 /* LinkedList.swift in Sources */,
				F4EC3C312B6A57B0006C9D11 /* BankTask.swift in Sources */,
				F4EC3C4B2B6A71E0006C9D11 /* TextOutputDisplayable.swift in Sources */,
				F4EC3C492B6A70E7006C9D11 /* ClientEnqueuable.swift in Sources */,
				F4EC3C452B6A6D15006C9D11 /* ClientTaskHandlable.swift in Sources */,
				F4EC3C3B2B6A6C18006C9D11 /* BankerEnqueuable.swift in Sources */,
				2776CBD32B6B852F00EF7155 /* BankManagerAppMenu.swift in Sources */,
				F4EC3C472B6A6D6F006C9D11 /* Client.swift in Sources */,
				F4EC3C352B6A6BD1006C9D11 /* Order.swift in Sources */,
				2776CBD52B6B854C00EF7155 /* IOError.swift in Sources */,
				2776CBD12B6B844F00EF7155 /* TextInputReadable.swift in Sources */,
				F4EC3C412B6A6CE6006C9D11 /* TaskManagable.swift in Sources */,
				F4EC3C522B6B7F9A006C9D11 /* TicketDispenser.swift in Sources */,
				C7D65D1B259C8190005510E0 /* BankManager.swift in Sources */,
				F4EC3C392B6A6C05006C9D11 /* TaskManager.swift in Sources */,
				F4EC3C4D2B6A71F8006C9D11 /* ConsoleManager.swift in Sources */,
				F475FC6C2B6CC0EF00B0E859 /* BankManagerAppError.swift in Sources */,
				F4EC3C332B6A5B82006C9D11 /* Queue.swift in Sources */,
			);
			runOnlyForDeploymentPostprocessing = 0;
		};
		F4EDF9F02B5F749400C3E54C /* Sources */ = {
			isa = PBXSourcesBuildPhase;
			buildActionMask = 2147483647;
			files = (
			);
			runOnlyForDeploymentPostprocessing = 0;
		};
/* End PBXSourcesBuildPhase section */

/* Begin XCBuildConfiguration section */
		C7694E7B259C3EC00053667F /* Debug */ = {
			isa = XCBuildConfiguration;
			buildSettings = {
				ALWAYS_SEARCH_USER_PATHS = NO;
				CLANG_ANALYZER_NONNULL = YES;
				CLANG_ANALYZER_NUMBER_OBJECT_CONVERSION = YES_AGGRESSIVE;
				CLANG_CXX_LANGUAGE_STANDARD = "gnu++14";
				CLANG_CXX_LIBRARY = "libc++";
				CLANG_ENABLE_MODULES = YES;
				CLANG_ENABLE_OBJC_ARC = YES;
				CLANG_ENABLE_OBJC_WEAK = YES;
				CLANG_WARN_BLOCK_CAPTURE_AUTORELEASING = YES;
				CLANG_WARN_BOOL_CONVERSION = YES;
				CLANG_WARN_COMMA = YES;
				CLANG_WARN_CONSTANT_CONVERSION = YES;
				CLANG_WARN_DEPRECATED_OBJC_IMPLEMENTATIONS = YES;
				CLANG_WARN_DIRECT_OBJC_ISA_USAGE = YES_ERROR;
				CLANG_WARN_DOCUMENTATION_COMMENTS = YES;
				CLANG_WARN_EMPTY_BODY = YES;
				CLANG_WARN_ENUM_CONVERSION = YES;
				CLANG_WARN_INFINITE_RECURSION = YES;
				CLANG_WARN_INT_CONVERSION = YES;
				CLANG_WARN_NON_LITERAL_NULL_CONVERSION = YES;
				CLANG_WARN_OBJC_IMPLICIT_RETAIN_SELF = YES;
				CLANG_WARN_OBJC_LITERAL_CONVERSION = YES;
				CLANG_WARN_OBJC_ROOT_CLASS = YES_ERROR;
				CLANG_WARN_QUOTED_INCLUDE_IN_FRAMEWORK_HEADER = YES;
				CLANG_WARN_RANGE_LOOP_ANALYSIS = YES;
				CLANG_WARN_STRICT_PROTOTYPES = YES;
				CLANG_WARN_SUSPICIOUS_MOVE = YES;
				CLANG_WARN_UNGUARDED_AVAILABILITY = YES_AGGRESSIVE;
				CLANG_WARN_UNREACHABLE_CODE = YES;
				CLANG_WARN__DUPLICATE_METHOD_MATCH = YES;
				COPY_PHASE_STRIP = NO;
				DEAD_CODE_STRIPPING = YES;
				DEBUG_INFORMATION_FORMAT = dwarf;
				ENABLE_STRICT_OBJC_MSGSEND = YES;
				ENABLE_TESTABILITY = YES;
				ENABLE_USER_SCRIPT_SANDBOXING = NO;
				GCC_C_LANGUAGE_STANDARD = gnu11;
				GCC_DYNAMIC_NO_PIC = NO;
				GCC_NO_COMMON_BLOCKS = YES;
				GCC_OPTIMIZATION_LEVEL = 0;
				GCC_PREPROCESSOR_DEFINITIONS = (
					"DEBUG=1",
					"$(inherited)",
				);
				GCC_WARN_64_TO_32_BIT_CONVERSION = YES;
				GCC_WARN_ABOUT_RETURN_TYPE = YES_ERROR;
				GCC_WARN_UNDECLARED_SELECTOR = YES;
				GCC_WARN_UNINITIALIZED_AUTOS = YES_AGGRESSIVE;
				GCC_WARN_UNUSED_FUNCTION = YES;
				GCC_WARN_UNUSED_VARIABLE = YES;
				MACOSX_DEPLOYMENT_TARGET = 10.15;
				MTL_ENABLE_DEBUG_INFO = INCLUDE_SOURCE;
				MTL_FAST_MATH = YES;
				ONLY_ACTIVE_ARCH = YES;
				SDKROOT = macosx;
				SWIFT_ACTIVE_COMPILATION_CONDITIONS = DEBUG;
				SWIFT_OPTIMIZATION_LEVEL = "-Onone";
			};
			name = Debug;
		};
		C7694E7C259C3EC00053667F /* Release */ = {
			isa = XCBuildConfiguration;
			buildSettings = {
				ALWAYS_SEARCH_USER_PATHS = NO;
				CLANG_ANALYZER_NONNULL = YES;
				CLANG_ANALYZER_NUMBER_OBJECT_CONVERSION = YES_AGGRESSIVE;
				CLANG_CXX_LANGUAGE_STANDARD = "gnu++14";
				CLANG_CXX_LIBRARY = "libc++";
				CLANG_ENABLE_MODULES = YES;
				CLANG_ENABLE_OBJC_ARC = YES;
				CLANG_ENABLE_OBJC_WEAK = YES;
				CLANG_WARN_BLOCK_CAPTURE_AUTORELEASING = YES;
				CLANG_WARN_BOOL_CONVERSION = YES;
				CLANG_WARN_COMMA = YES;
				CLANG_WARN_CONSTANT_CONVERSION = YES;
				CLANG_WARN_DEPRECATED_OBJC_IMPLEMENTATIONS = YES;
				CLANG_WARN_DIRECT_OBJC_ISA_USAGE = YES_ERROR;
				CLANG_WARN_DOCUMENTATION_COMMENTS = YES;
				CLANG_WARN_EMPTY_BODY = YES;
				CLANG_WARN_ENUM_CONVERSION = YES;
				CLANG_WARN_INFINITE_RECURSION = YES;
				CLANG_WARN_INT_CONVERSION = YES;
				CLANG_WARN_NON_LITERAL_NULL_CONVERSION = YES;
				CLANG_WARN_OBJC_IMPLICIT_RETAIN_SELF = YES;
				CLANG_WARN_OBJC_LITERAL_CONVERSION = YES;
				CLANG_WARN_OBJC_ROOT_CLASS = YES_ERROR;
				CLANG_WARN_QUOTED_INCLUDE_IN_FRAMEWORK_HEADER = YES;
				CLANG_WARN_RANGE_LOOP_ANALYSIS = YES;
				CLANG_WARN_STRICT_PROTOTYPES = YES;
				CLANG_WARN_SUSPICIOUS_MOVE = YES;
				CLANG_WARN_UNGUARDED_AVAILABILITY = YES_AGGRESSIVE;
				CLANG_WARN_UNREACHABLE_CODE = YES;
				CLANG_WARN__DUPLICATE_METHOD_MATCH = YES;
				COPY_PHASE_STRIP = NO;
				DEAD_CODE_STRIPPING = YES;
				DEBUG_INFORMATION_FORMAT = "dwarf-with-dsym";
				ENABLE_NS_ASSERTIONS = NO;
				ENABLE_STRICT_OBJC_MSGSEND = YES;
				ENABLE_USER_SCRIPT_SANDBOXING = NO;
				GCC_C_LANGUAGE_STANDARD = gnu11;
				GCC_NO_COMMON_BLOCKS = YES;
				GCC_WARN_64_TO_32_BIT_CONVERSION = YES;
				GCC_WARN_ABOUT_RETURN_TYPE = YES_ERROR;
				GCC_WARN_UNDECLARED_SELECTOR = YES;
				GCC_WARN_UNINITIALIZED_AUTOS = YES_AGGRESSIVE;
				GCC_WARN_UNUSED_FUNCTION = YES;
				GCC_WARN_UNUSED_VARIABLE = YES;
				MACOSX_DEPLOYMENT_TARGET = 10.15;
				MTL_ENABLE_DEBUG_INFO = NO;
				MTL_FAST_MATH = YES;
				SDKROOT = macosx;
				SWIFT_COMPILATION_MODE = wholemodule;
				SWIFT_OPTIMIZATION_LEVEL = "-O";
			};
			name = Release;
		};
		C7694E7E259C3EC00053667F /* Debug */ = {
			isa = XCBuildConfiguration;
			buildSettings = {
				CODE_SIGN_STYLE = Automatic;
				DEAD_CODE_STRIPPING = YES;
				PRODUCT_NAME = "$(TARGET_NAME)";
				SWIFT_VERSION = 5.0;
			};
			name = Debug;
		};
		C7694E7F259C3EC00053667F /* Release */ = {
			isa = XCBuildConfiguration;
			buildSettings = {
				CODE_SIGN_STYLE = Automatic;
				DEAD_CODE_STRIPPING = YES;
				PRODUCT_NAME = "$(TARGET_NAME)";
				SWIFT_VERSION = 5.0;
			};
			name = Release;
		};
		F4EDF9F82B5F749400C3E54C /* Debug */ = {
			isa = XCBuildConfiguration;
			buildSettings = {
				ASSETCATALOG_COMPILER_GENERATE_SWIFT_ASSET_SYMBOL_EXTENSIONS = YES;
				CLANG_CXX_LANGUAGE_STANDARD = "gnu++20";
				CODE_SIGN_STYLE = Automatic;
				CURRENT_PROJECT_VERSION = 1;
				DEVELOPMENT_TEAM = "";
				ENABLE_USER_SCRIPT_SANDBOXING = YES;
				GCC_C_LANGUAGE_STANDARD = gnu17;
				GENERATE_INFOPLIST_FILE = YES;
				LOCALIZATION_PREFERS_STRING_CATALOGS = YES;
				MACOSX_DEPLOYMENT_TARGET = 14.2;
				MARKETING_VERSION = 1.0;
				PRODUCT_BUNDLE_IDENTIFIER = com.hyeffie.BankManagerConsoleAppTest;
				PRODUCT_NAME = "$(TARGET_NAME)";
				SWIFT_ACTIVE_COMPILATION_CONDITIONS = "DEBUG $(inherited)";
				SWIFT_EMIT_LOC_STRINGS = NO;
				SWIFT_VERSION = 5.0;
			};
			name = Debug;
		};
		F4EDF9F92B5F749400C3E54C /* Release */ = {
			isa = XCBuildConfiguration;
			buildSettings = {
				ASSETCATALOG_COMPILER_GENERATE_SWIFT_ASSET_SYMBOL_EXTENSIONS = YES;
				CLANG_CXX_LANGUAGE_STANDARD = "gnu++20";
				CODE_SIGN_STYLE = Automatic;
				CURRENT_PROJECT_VERSION = 1;
				DEVELOPMENT_TEAM = "";
				ENABLE_USER_SCRIPT_SANDBOXING = YES;
				GCC_C_LANGUAGE_STANDARD = gnu17;
				GENERATE_INFOPLIST_FILE = YES;
				LOCALIZATION_PREFERS_STRING_CATALOGS = YES;
				MACOSX_DEPLOYMENT_TARGET = 14.2;
				MARKETING_VERSION = 1.0;
				PRODUCT_BUNDLE_IDENTIFIER = com.hyeffie.BankManagerConsoleAppTest;
				PRODUCT_NAME = "$(TARGET_NAME)";
				SWIFT_EMIT_LOC_STRINGS = NO;
				SWIFT_VERSION = 5.0;
			};
			name = Release;
		};
/* End XCBuildConfiguration section */

/* Begin XCConfigurationList section */
		C7694E71259C3EC00053667F /* Build configuration list for PBXProject "BankManagerConsoleApp" */ = {
			isa = XCConfigurationList;
			buildConfigurations = (
				C7694E7B259C3EC00053667F /* Debug */,
				C7694E7C259C3EC00053667F /* Release */,
			);
			defaultConfigurationIsVisible = 0;
			defaultConfigurationName = Release;
		};
		C7694E7D259C3EC00053667F /* Build configuration list for PBXNativeTarget "BankManagerConsoleApp" */ = {
			isa = XCConfigurationList;
			buildConfigurations = (
				C7694E7E259C3EC00053667F /* Debug */,
				C7694E7F259C3EC00053667F /* Release */,
			);
			defaultConfigurationIsVisible = 0;
			defaultConfigurationName = Release;
		};
		F4EDF9FA2B5F749400C3E54C /* Build configuration list for PBXNativeTarget "BankManagerConsoleAppTest" */ = {
			isa = XCConfigurationList;
			buildConfigurations = (
				F4EDF9F82B5F749400C3E54C /* Debug */,
				F4EDF9F92B5F749400C3E54C /* Release */,
			);
			defaultConfigurationIsVisible = 0;
			defaultConfigurationName = Release;
		};
/* End XCConfigurationList section */
	};
	rootObject = C7694E6E259C3EC00053667F /* Project object */;
}
