// !$*UTF8*$!
{
	archiveVersion = 1;
	classes = {
	};
	objectVersion = 54;
	objects = {

/* Begin PBXBuildFile section */
		15A94F1E2B6379FC00169F2A /* Queue.swift in Sources */ = {isa = PBXBuildFile; fileRef = C15061AF2B60A3A600877C57 /* Queue.swift */; };
		15A94F1F2B6379FE00169F2A /* LinkedList.swift in Sources */ = {isa = PBXBuildFile; fileRef = 15A5CB912B5F92850006A55B /* LinkedList.swift */; };
		15A94F202B637A0400169F2A /* Node.swift in Sources */ = {isa = PBXBuildFile; fileRef = 15A5CB8F2B5F926D0006A55B /* Node.swift */; };
		15A94F222B637C7900169F2A /* UnitTestBankManagerConsoleApp.swift in Sources */ = {isa = PBXBuildFile; fileRef = C1A8ED742B60F21100ED65C8 /* UnitTestBankManagerConsoleApp.swift */; };
		15C5EB352B6C8C1A0018D448 /* Task.swift in Sources */ = {isa = PBXBuildFile; fileRef = 15C5EB342B6C8C1A0018D448 /* Task.swift */; };
		C134404A2B639AEB00657CC5 /* Bank.swift in Sources */ = {isa = PBXBuildFile; fileRef = C13440492B639AEB00657CC5 /* Bank.swift */; };
		C1461D272B69DB820023799B /* InputNumber.swift in Sources */ = {isa = PBXBuildFile; fileRef = C1461D262B69DB820023799B /* InputNumber.swift */; };
		C1461D292B69DD050023799B /* Customer.swift in Sources */ = {isa = PBXBuildFile; fileRef = C1461D282B69DD050023799B /* Customer.swift */; };
		C1461D2D2B69E1420023799B /* Double+Extension.swift in Sources */ = {isa = PBXBuildFile; fileRef = C1461D2C2B69E1420023799B /* Double+Extension.swift */; };
		C15C48B12B61FF00002EA255 /* Queue.swift in Sources */ = {isa = PBXBuildFile; fileRef = C15061AF2B60A3A600877C57 /* Queue.swift */; };
		C15C48B22B61FF04002EA255 /* LinkedList.swift in Sources */ = {isa = PBXBuildFile; fileRef = 15A5CB912B5F92850006A55B /* LinkedList.swift */; };
		C15C48B32B61FF06002EA255 /* Node.swift in Sources */ = {isa = PBXBuildFile; fileRef = 15A5CB8F2B5F926D0006A55B /* Node.swift */; };
		C1EB51612B6CBEFD00744F64 /* CustomStringPrintMenu.swift in Sources */ = {isa = PBXBuildFile; fileRef = C1EB51602B6CBEFD00744F64 /* CustomStringPrintMenu.swift */; };
		C1F1D7042B66739300232EB4 /* CustomStringInput.swift in Sources */ = {isa = PBXBuildFile; fileRef = C1F1D7032B66739300232EB4 /* CustomStringInput.swift */; };
		C1F1D70D2B673C3D00232EB4 /* ConsoleTextView.swift in Sources */ = {isa = PBXBuildFile; fileRef = C1F1D70C2B673C3D00232EB4 /* ConsoleTextView.swift */; };
		C7694E7A259C3EC00053667F /* main.swift in Sources */ = {isa = PBXBuildFile; fileRef = C7694E79259C3EC00053667F /* main.swift */; };
		C7D65D1B259C8190005510E0 /* BankManager.swift in Sources */ = {isa = PBXBuildFile; fileRef = C7D65D1A259C8190005510E0 /* BankManager.swift */; };
/* End PBXBuildFile section */

/* Begin PBXContainerItemProxy section */
		15A94F232B637D5800169F2A /* PBXContainerItemProxy */ = {
			isa = PBXContainerItemProxy;
			containerPortal = C7694E6E259C3EC00053667F /* Project object */;
			proxyType = 1;
			remoteGlobalIDString = C7694E75259C3EC00053667F;
			remoteInfo = BankManagerConsoleApp;
		};
/* End PBXContainerItemProxy section */

/* Begin PBXCopyFilesBuildPhase section */
		C7694E74259C3EC00053667F /* CopyFiles */ = {
			isa = PBXCopyFilesBuildPhase;
			buildActionMask = 2147483647;
			dstPath = /usr/share/man/man1/;
			dstSubfolderSpec = 0;
			files = (
			);
			runOnlyForDeploymentPostprocessing = 1;
		};
/* End PBXCopyFilesBuildPhase section */

/* Begin PBXFileReference section */
		15A5CB8F2B5F926D0006A55B /* Node.swift */ = {isa = PBXFileReference; fileEncoding = 4; lastKnownFileType = sourcecode.swift; path = Node.swift; sourceTree = "<group>"; };
		15A5CB912B5F92850006A55B /* LinkedList.swift */ = {isa = PBXFileReference; lastKnownFileType = sourcecode.swift; path = LinkedList.swift; sourceTree = "<group>"; };
		15C5EB342B6C8C1A0018D448 /* Task.swift */ = {isa = PBXFileReference; lastKnownFileType = sourcecode.swift; path = Task.swift; sourceTree = "<group>"; };
		C13440492B639AEB00657CC5 /* Bank.swift */ = {isa = PBXFileReference; lastKnownFileType = sourcecode.swift; path = Bank.swift; sourceTree = "<group>"; };
		C1461D262B69DB820023799B /* InputNumber.swift */ = {isa = PBXFileReference; lastKnownFileType = sourcecode.swift; path = InputNumber.swift; sourceTree = "<group>"; };
		C1461D282B69DD050023799B /* Customer.swift */ = {isa = PBXFileReference; lastKnownFileType = sourcecode.swift; path = Customer.swift; sourceTree = "<group>"; };
		C1461D2C2B69E1420023799B /* Double+Extension.swift */ = {isa = PBXFileReference; lastKnownFileType = sourcecode.swift; path = "Double+Extension.swift"; sourceTree = "<group>"; };
		C15061AF2B60A3A600877C57 /* Queue.swift */ = {isa = PBXFileReference; lastKnownFileType = sourcecode.swift; path = Queue.swift; sourceTree = "<group>"; };
		C1A8ED722B60F21100ED65C8 /* UnitTestBankManagerConsoleApp.xctest */ = {isa = PBXFileReference; explicitFileType = wrapper.cfbundle; includeInIndex = 0; path = UnitTestBankManagerConsoleApp.xctest; sourceTree = BUILT_PRODUCTS_DIR; };
		C1A8ED742B60F21100ED65C8 /* UnitTestBankManagerConsoleApp.swift */ = {isa = PBXFileReference; lastKnownFileType = sourcecode.swift; path = UnitTestBankManagerConsoleApp.swift; sourceTree = "<group>"; };
		C1EB51602B6CBEFD00744F64 /* CustomStringPrintMenu.swift */ = {isa = PBXFileReference; lastKnownFileType = sourcecode.swift; name = CustomStringPrintMenu.swift; path = "../../../../../../Matthew/.Trash/ios-bank-manager 오후 1.53.52/BankManagerConsoleApp/BankManagerConsoleApp/Enum/CustomStringPrintMenu.swift"; sourceTree = "<group>"; };
		C1F1D7032B66739300232EB4 /* CustomStringInput.swift */ = {isa = PBXFileReference; lastKnownFileType = sourcecode.swift; path = CustomStringInput.swift; sourceTree = "<group>"; };
		C1F1D70C2B673C3D00232EB4 /* ConsoleTextView.swift */ = {isa = PBXFileReference; lastKnownFileType = sourcecode.swift; path = ConsoleTextView.swift; sourceTree = "<group>"; };
		C7694E76259C3EC00053667F /* BankManagerConsoleApp */ = {isa = PBXFileReference; explicitFileType = "compiled.mach-o.executable"; includeInIndex = 0; path = BankManagerConsoleApp; sourceTree = BUILT_PRODUCTS_DIR; };
		C7694E79259C3EC00053667F /* main.swift */ = {isa = PBXFileReference; lastKnownFileType = sourcecode.swift; path = main.swift; sourceTree = "<group>"; };
		C7D65D1A259C8190005510E0 /* BankManager.swift */ = {isa = PBXFileReference; fileEncoding = 4; lastKnownFileType = sourcecode.swift; path = BankManager.swift; sourceTree = "<group>"; };
/* End PBXFileReference section */

/* Begin PBXFrameworksBuildPhase section */
		C1A8ED6F2B60F21100ED65C8 /* Frameworks */ = {
			isa = PBXFrameworksBuildPhase;
			buildActionMask = 2147483647;
			files = (
			);
			runOnlyForDeploymentPostprocessing = 0;
		};
		C7694E73259C3EC00053667F /* Frameworks */ = {
			isa = PBXFrameworksBuildPhase;
			buildActionMask = 2147483647;
			files = (
			);
			runOnlyForDeploymentPostprocessing = 0;
		};
/* End PBXFrameworksBuildPhase section */

/* Begin PBXGroup section */
		C1461D252B69DB670023799B /* Enum */ = {
			isa = PBXGroup;
			children = (
				C1F1D7032B66739300232EB4 /* CustomStringInput.swift */,
				C1EB51602B6CBEFD00744F64 /* CustomStringPrintMenu.swift */,
				C1461D262B69DB820023799B /* InputNumber.swift */,
				15C5EB342B6C8C1A0018D448 /* Task.swift */,
			);
			path = Enum;
			sourceTree = "<group>";
		};
		C1A8ED732B60F21100ED65C8 /* UnitTestBankManagerConsoleApp */ = {
			isa = PBXGroup;
			children = (
				C1A8ED742B60F21100ED65C8 /* UnitTestBankManagerConsoleApp.swift */,
			);
			path = UnitTestBankManagerConsoleApp;
			sourceTree = "<group>";
		};
		C1EB51622B6CC0FC00744F64 /* Supports */ = {
			isa = PBXGroup;
			children = (
				C1461D2C2B69E1420023799B /* Double+Extension.swift */,
			);
			path = Supports;
			sourceTree = "<group>";
		};
		C1F1D7092B673BCB00232EB4 /* Models */ = {
			isa = PBXGroup;
			children = (
				15A5CB8F2B5F926D0006A55B /* Node.swift */,
				15A5CB912B5F92850006A55B /* LinkedList.swift */,
				C15061AF2B60A3A600877C57 /* Queue.swift */,
				C13440492B639AEB00657CC5 /* Bank.swift */,
				C1461D282B69DD050023799B /* Customer.swift */,
			);
			path = Models;
			sourceTree = "<group>";
		};
		C1F1D70A2B673BD800232EB4 /* Views */ = {
			isa = PBXGroup;
			children = (
				C1F1D70C2B673C3D00232EB4 /* ConsoleTextView.swift */,
			);
			path = Views;
			sourceTree = "<group>";
		};
		C1F1D70B2B673BE900232EB4 /* Controllers */ = {
			isa = PBXGroup;
			children = (
				C7D65D1A259C8190005510E0 /* BankManager.swift */,
			);
			path = Controllers;
			sourceTree = "<group>";
		};
		C7694E6D259C3EC00053667F = {
			isa = PBXGroup;
			children = (
				C7694E78259C3EC00053667F /* BankManagerConsoleApp */,
				C1A8ED732B60F21100ED65C8 /* UnitTestBankManagerConsoleApp */,
				C7694E77259C3EC00053667F /* Products */,
			);
			sourceTree = "<group>";
		};
		C7694E77259C3EC00053667F /* Products */ = {
			isa = PBXGroup;
			children = (
				C7694E76259C3EC00053667F /* BankManagerConsoleApp */,
				C1A8ED722B60F21100ED65C8 /* UnitTestBankManagerConsoleApp.xctest */,
			);
			name = Products;
			sourceTree = "<group>";
		};
		C7694E78259C3EC00053667F /* BankManagerConsoleApp */ = {
			isa = PBXGroup;
			children = (
				C7694E79259C3EC00053667F /* main.swift */,
				C1461D252B69DB670023799B /* Enum */,
				C1F1D7092B673BCB00232EB4 /* Models */,
				C1F1D70A2B673BD800232EB4 /* Views */,
				C1F1D70B2B673BE900232EB4 /* Controllers */,
				C1EB51622B6CC0FC00744F64 /* Supports */,
			);
			path = BankManagerConsoleApp;
			sourceTree = "<group>";
		};
/* End PBXGroup section */

/* Begin PBXNativeTarget section */
		C1A8ED712B60F21100ED65C8 /* UnitTestBankManagerConsoleApp */ = {
			isa = PBXNativeTarget;
			buildConfigurationList = C1A8ED782B60F21100ED65C8 /* Build configuration list for PBXNativeTarget "UnitTestBankManagerConsoleApp" */;
			buildPhases = (
				C1A8ED6E2B60F21100ED65C8 /* Sources */,
				C1A8ED6F2B60F21100ED65C8 /* Frameworks */,
				C1A8ED702B60F21100ED65C8 /* Resources */,
			);
			buildRules = (
			);
			dependencies = (
				15A94F242B637D5800169F2A /* PBXTargetDependency */,
			);
			name = UnitTestBankManagerConsoleApp;
			productName = UnitTestBankManagerConsoleApp;
			productReference = C1A8ED722B60F21100ED65C8 /* UnitTestBankManagerConsoleApp.xctest */;
			productType = "com.apple.product-type.bundle.unit-test";
		};
		C7694E75259C3EC00053667F /* BankManagerConsoleApp */ = {
			isa = PBXNativeTarget;
			buildConfigurationList = C7694E7D259C3EC00053667F /* Build configuration list for PBXNativeTarget "BankManagerConsoleApp" */;
			buildPhases = (
				C7694E72259C3EC00053667F /* Sources */,
				C7694E73259C3EC00053667F /* Frameworks */,
				C7694E74259C3EC00053667F /* CopyFiles */,
			);
			buildRules = (
			);
			dependencies = (
			);
			name = BankManagerConsoleApp;
			productName = BankManagerConsoleApp;
			productReference = C7694E76259C3EC00053667F /* BankManagerConsoleApp */;
			productType = "com.apple.product-type.tool";
		};
/* End PBXNativeTarget section */

/* Begin PBXProject section */
		C7694E6E259C3EC00053667F /* Project object */ = {
			isa = PBXProject;
			attributes = {
				BuildIndependentTargetsInParallel = YES;
				LastSwiftUpdateCheck = 1520;
				LastUpgradeCheck = 1520;
				TargetAttributes = {
					C1A8ED712B60F21100ED65C8 = {
						CreatedOnToolsVersion = 15.2;
					};
					C7694E75259C3EC00053667F = {
						CreatedOnToolsVersion = 12.1;
					};
				};
			};
			buildConfigurationList = C7694E71259C3EC00053667F /* Build configuration list for PBXProject "BankManagerConsoleApp" */;
			compatibilityVersion = "Xcode 9.3";
			developmentRegion = en;
			hasScannedForEncodings = 0;
			knownRegions = (
				en,
				Base,
			);
			mainGroup = C7694E6D259C3EC00053667F;
			productRefGroup = C7694E77259C3EC00053667F /* Products */;
			projectDirPath = "";
			projectRoot = "";
			targets = (
				C7694E75259C3EC00053667F /* BankManagerConsoleApp */,
				C1A8ED712B60F21100ED65C8 /* UnitTestBankManagerConsoleApp */,
			);
		};
/* End PBXProject section */

/* Begin PBXResourcesBuildPhase section */
		C1A8ED702B60F21100ED65C8 /* Resources */ = {
			isa = PBXResourcesBuildPhase;
			buildActionMask = 2147483647;
			files = (
			);
			runOnlyForDeploymentPostprocessing = 0;
		};
/* End PBXResourcesBuildPhase section */

/* Begin PBXSourcesBuildPhase section */
		C1A8ED6E2B60F21100ED65C8 /* Sources */ = {
			isa = PBXSourcesBuildPhase;
			buildActionMask = 2147483647;
			files = (
				C15C48B22B61FF04002EA255 /* LinkedList.swift in Sources */,
				15A94F222B637C7900169F2A /* UnitTestBankManagerConsoleApp.swift in Sources */,
				C15C48B12B61FF00002EA255 /* Queue.swift in Sources */,
				C15C48B32B61FF06002EA255 /* Node.swift in Sources */,
			);
			runOnlyForDeploymentPostprocessing = 0;
		};
		C7694E72259C3EC00053667F /* Sources */ = {
			isa = PBXSourcesBuildPhase;
			buildActionMask = 2147483647;
			files = (
				15A94F1E2B6379FC00169F2A /* Queue.swift in Sources */,
				C1461D292B69DD050023799B /* Customer.swift in Sources */,
				15A94F202B637A0400169F2A /* Node.swift in Sources */,
				15A94F1F2B6379FE00169F2A /* LinkedList.swift in Sources */,
				C1F1D70D2B673C3D00232EB4 /* ConsoleTextView.swift in Sources */,
				C134404A2B639AEB00657CC5 /* Bank.swift in Sources */,
				C1F1D7042B66739300232EB4 /* CustomStringInput.swift in Sources */,
				15C5EB352B6C8C1A0018D448 /* Task.swift in Sources */,
				C1461D2D2B69E1420023799B /* Double+Extension.swift in Sources */,
				C7694E7A259C3EC00053667F /* main.swift in Sources */,
				C1461D272B69DB820023799B /* InputNumber.swift in Sources */,
				C1EB51612B6CBEFD00744F64 /* CustomStringPrintMenu.swift in Sources */,
				C7D65D1B259C8190005510E0 /* BankManager.swift in Sources */,
			);
			runOnlyForDeploymentPostprocessing = 0;
		};
/* End PBXSourcesBuildPhase section */

/* Begin PBXTargetDependency section */
		15A94F242B637D5800169F2A /* PBXTargetDependency */ = {
			isa = PBXTargetDependency;
			target = C7694E75259C3EC00053667F /* BankManagerConsoleApp */;
			targetProxy = 15A94F232B637D5800169F2A /* PBXContainerItemProxy */;
		};
/* End PBXTargetDependency section */

/* Begin XCBuildConfiguration section */
		C1A8ED762B60F21100ED65C8 /* Debug */ = {
			isa = XCBuildConfiguration;
			buildSettings = {
				ASSETCATALOG_COMPILER_GENERATE_SWIFT_ASSET_SYMBOL_EXTENSIONS = YES;
				CLANG_CXX_LANGUAGE_STANDARD = "gnu++20";
				CODE_SIGN_STYLE = Automatic;
				CURRENT_PROJECT_VERSION = 1;
				DEAD_CODE_STRIPPING = YES;
				DEVELOPMENT_TEAM = T92LV6HV88;
				ENABLE_TESTING_SEARCH_PATHS = YES;
				ENABLE_USER_SCRIPT_SANDBOXING = YES;
				GCC_C_LANGUAGE_STANDARD = gnu17;
				GENERATE_INFOPLIST_FILE = YES;
				IPHONEOS_DEPLOYMENT_TARGET = 17.2;
				LOCALIZATION_PREFERS_STRING_CATALOGS = YES;
				MACOSX_DEPLOYMENT_TARGET = "$(RECOMMENDED_MACOSX_DEPLOYMENT_TARGET)";
				MARKETING_VERSION = 1.0;
				PRODUCT_BUNDLE_IDENTIFIER = net.sungsu.UnitTestBankManagerConsoleApp;
				PRODUCT_NAME = "$(TARGET_NAME)";
				SDKROOT = auto;
				SUPPORTED_PLATFORMS = "iphoneos iphonesimulator macosx";
				SWIFT_ACTIVE_COMPILATION_CONDITIONS = "DEBUG $(inherited)";
				SWIFT_EMIT_LOC_STRINGS = NO;
				SWIFT_VERSION = 5.0;
				TARGETED_DEVICE_FAMILY = "1,2";
			};
			name = Debug;
		};
		C1A8ED772B60F21100ED65C8 /* Release */ = {
			isa = XCBuildConfiguration;
			buildSettings = {
				ASSETCATALOG_COMPILER_GENERATE_SWIFT_ASSET_SYMBOL_EXTENSIONS = YES;
				CLANG_CXX_LANGUAGE_STANDARD = "gnu++20";
				CODE_SIGN_STYLE = Automatic;
				CURRENT_PROJECT_VERSION = 1;
				DEAD_CODE_STRIPPING = YES;
				DEVELOPMENT_TEAM = T92LV6HV88;
				ENABLE_TESTING_SEARCH_PATHS = YES;
				ENABLE_USER_SCRIPT_SANDBOXING = YES;
				GCC_C_LANGUAGE_STANDARD = gnu17;
				GENERATE_INFOPLIST_FILE = YES;
				IPHONEOS_DEPLOYMENT_TARGET = 17.2;
				LOCALIZATION_PREFERS_STRING_CATALOGS = YES;
				MACOSX_DEPLOYMENT_TARGET = "$(RECOMMENDED_MACOSX_DEPLOYMENT_TARGET)";
				MARKETING_VERSION = 1.0;
				PRODUCT_BUNDLE_IDENTIFIER = net.sungsu.UnitTestBankManagerConsoleApp;
				PRODUCT_NAME = "$(TARGET_NAME)";
				SDKROOT = auto;
				SUPPORTED_PLATFORMS = "iphoneos iphonesimulator macosx";
				SWIFT_EMIT_LOC_STRINGS = NO;
				SWIFT_VERSION = 5.0;
				TARGETED_DEVICE_FAMILY = "1,2";
			};
			name = Release;
		};
		C7694E7B259C3EC00053667F /* Debug */ = {
			isa = XCBuildConfiguration;
			buildSettings = {
				ALWAYS_SEARCH_USER_PATHS = NO;
				CLANG_ANALYZER_NONNULL = YES;
				CLANG_ANALYZER_NUMBER_OBJECT_CONVERSION = YES_AGGRESSIVE;
				CLANG_CXX_LANGUAGE_STANDARD = "gnu++14";
				CLANG_CXX_LIBRARY = "libc++";
				CLANG_ENABLE_MODULES = YES;
				CLANG_ENABLE_OBJC_ARC = YES;
				CLANG_ENABLE_OBJC_WEAK = YES;
				CLANG_WARN_BLOCK_CAPTURE_AUTORELEASING = YES;
				CLANG_WARN_BOOL_CONVERSION = YES;
				CLANG_WARN_COMMA = YES;
				CLANG_WARN_CONSTANT_CONVERSION = YES;
				CLANG_WARN_DEPRECATED_OBJC_IMPLEMENTATIONS = YES;
				CLANG_WARN_DIRECT_OBJC_ISA_USAGE = YES_ERROR;
				CLANG_WARN_DOCUMENTATION_COMMENTS = YES;
				CLANG_WARN_EMPTY_BODY = YES;
				CLANG_WARN_ENUM_CONVERSION = YES;
				CLANG_WARN_INFINITE_RECURSION = YES;
				CLANG_WARN_INT_CONVERSION = YES;
				CLANG_WARN_NON_LITERAL_NULL_CONVERSION = YES;
				CLANG_WARN_OBJC_IMPLICIT_RETAIN_SELF = YES;
				CLANG_WARN_OBJC_LITERAL_CONVERSION = YES;
				CLANG_WARN_OBJC_ROOT_CLASS = YES_ERROR;
				CLANG_WARN_QUOTED_INCLUDE_IN_FRAMEWORK_HEADER = YES;
				CLANG_WARN_RANGE_LOOP_ANALYSIS = YES;
				CLANG_WARN_STRICT_PROTOTYPES = YES;
				CLANG_WARN_SUSPICIOUS_MOVE = YES;
				CLANG_WARN_UNGUARDED_AVAILABILITY = YES_AGGRESSIVE;
				CLANG_WARN_UNREACHABLE_CODE = YES;
				CLANG_WARN__DUPLICATE_METHOD_MATCH = YES;
				COPY_PHASE_STRIP = NO;
				DEAD_CODE_STRIPPING = YES;
				DEBUG_INFORMATION_FORMAT = dwarf;
				ENABLE_STRICT_OBJC_MSGSEND = YES;
				ENABLE_TESTABILITY = YES;
				ENABLE_TESTING_SEARCH_PATHS = YES;
				GCC_C_LANGUAGE_STANDARD = gnu11;
				GCC_DYNAMIC_NO_PIC = NO;
				GCC_NO_COMMON_BLOCKS = YES;
				GCC_OPTIMIZATION_LEVEL = 0;
				GCC_PREPROCESSOR_DEFINITIONS = (
					"DEBUG=1",
					"$(inherited)",
				);
				GCC_WARN_64_TO_32_BIT_CONVERSION = YES;
				GCC_WARN_ABOUT_RETURN_TYPE = YES_ERROR;
				GCC_WARN_UNDECLARED_SELECTOR = YES;
				GCC_WARN_UNINITIALIZED_AUTOS = YES_AGGRESSIVE;
				GCC_WARN_UNUSED_FUNCTION = YES;
				GCC_WARN_UNUSED_VARIABLE = YES;
				MACOSX_DEPLOYMENT_TARGET = 10.15;
				MTL_ENABLE_DEBUG_INFO = INCLUDE_SOURCE;
				MTL_FAST_MATH = YES;
				ONLY_ACTIVE_ARCH = YES;
				SDKROOT = macosx;
				SWIFT_ACTIVE_COMPILATION_CONDITIONS = DEBUG;
				SWIFT_OPTIMIZATION_LEVEL = "-Onone";
			};
			name = Debug;
		};
		C7694E7C259C3EC00053667F /* Release */ = {
			isa = XCBuildConfiguration;
			buildSettings = {
				ALWAYS_SEARCH_USER_PATHS = NO;
				CLANG_ANALYZER_NONNULL = YES;
				CLANG_ANALYZER_NUMBER_OBJECT_CONVERSION = YES_AGGRESSIVE;
				CLANG_CXX_LANGUAGE_STANDARD = "gnu++14";
				CLANG_CXX_LIBRARY = "libc++";
				CLANG_ENABLE_MODULES = YES;
				CLANG_ENABLE_OBJC_ARC = YES;
				CLANG_ENABLE_OBJC_WEAK = YES;
				CLANG_WARN_BLOCK_CAPTURE_AUTORELEASING = YES;
				CLANG_WARN_BOOL_CONVERSION = YES;
				CLANG_WARN_COMMA = YES;
				CLANG_WARN_CONSTANT_CONVERSION = YES;
				CLANG_WARN_DEPRECATED_OBJC_IMPLEMENTATIONS = YES;
				CLANG_WARN_DIRECT_OBJC_ISA_USAGE = YES_ERROR;
				CLANG_WARN_DOCUMENTATION_COMMENTS = YES;
				CLANG_WARN_EMPTY_BODY = YES;
				CLANG_WARN_ENUM_CONVERSION = YES;
				CLANG_WARN_INFINITE_RECURSION = YES;
				CLANG_WARN_INT_CONVERSION = YES;
				CLANG_WARN_NON_LITERAL_NULL_CONVERSION = YES;
				CLANG_WARN_OBJC_IMPLICIT_RETAIN_SELF = YES;
				CLANG_WARN_OBJC_LITERAL_CONVERSION = YES;
				CLANG_WARN_OBJC_ROOT_CLASS = YES_ERROR;
				CLANG_WARN_QUOTED_INCLUDE_IN_FRAMEWORK_HEADER = YES;
				CLANG_WARN_RANGE_LOOP_ANALYSIS = YES;
				CLANG_WARN_STRICT_PROTOTYPES = YES;
				CLANG_WARN_SUSPICIOUS_MOVE = YES;
				CLANG_WARN_UNGUARDED_AVAILABILITY = YES_AGGRESSIVE;
				CLANG_WARN_UNREACHABLE_CODE = YES;
				CLANG_WARN__DUPLICATE_METHOD_MATCH = YES;
				COPY_PHASE_STRIP = NO;
				DEAD_CODE_STRIPPING = YES;
				DEBUG_INFORMATION_FORMAT = "dwarf-with-dsym";
				ENABLE_NS_ASSERTIONS = NO;
				ENABLE_STRICT_OBJC_MSGSEND = YES;
				ENABLE_TESTING_SEARCH_PATHS = YES;
				GCC_C_LANGUAGE_STANDARD = gnu11;
				GCC_NO_COMMON_BLOCKS = YES;
				GCC_WARN_64_TO_32_BIT_CONVERSION = YES;
				GCC_WARN_ABOUT_RETURN_TYPE = YES_ERROR;
				GCC_WARN_UNDECLARED_SELECTOR = YES;
				GCC_WARN_UNINITIALIZED_AUTOS = YES_AGGRESSIVE;
				GCC_WARN_UNUSED_FUNCTION = YES;
				GCC_WARN_UNUSED_VARIABLE = YES;
				MACOSX_DEPLOYMENT_TARGET = 10.15;
				MTL_ENABLE_DEBUG_INFO = NO;
				MTL_FAST_MATH = YES;
				SDKROOT = macosx;
				SWIFT_COMPILATION_MODE = wholemodule;
				SWIFT_OPTIMIZATION_LEVEL = "-O";
			};
			name = Release;
		};
		C7694E7E259C3EC00053667F /* Debug */ = {
			isa = XCBuildConfiguration;
			buildSettings = {
				CODE_SIGN_STYLE = Automatic;
				DEAD_CODE_STRIPPING = YES;
				ENABLE_TESTING_SEARCH_PATHS = NO;
				MACOSX_DEPLOYMENT_TARGET = "$(RECOMMENDED_MACOSX_DEPLOYMENT_TARGET)";
				PRODUCT_NAME = "$(TARGET_NAME)";
				SWIFT_VERSION = 5.0;
			};
			name = Debug;
		};
		C7694E7F259C3EC00053667F /* Release */ = {
			isa = XCBuildConfiguration;
			buildSettings = {
				CODE_SIGN_STYLE = Automatic;
				DEAD_CODE_STRIPPING = YES;
				ENABLE_TESTING_SEARCH_PATHS = NO;
				MACOSX_DEPLOYMENT_TARGET = "$(RECOMMENDED_MACOSX_DEPLOYMENT_TARGET)";
				PRODUCT_NAME = "$(TARGET_NAME)";
				SWIFT_VERSION = 5.0;
			};
			name = Release;
		};
/* End XCBuildConfiguration section */

/* Begin XCConfigurationList section */
		C1A8ED782B60F21100ED65C8 /* Build configuration list for PBXNativeTarget "UnitTestBankManagerConsoleApp" */ = {
			isa = XCConfigurationList;
			buildConfigurations = (
				C1A8ED762B60F21100ED65C8 /* Debug */,
				C1A8ED772B60F21100ED65C8 /* Release */,
			);
			defaultConfigurationIsVisible = 0;
			defaultConfigurationName = Release;
		};
		C7694E71259C3EC00053667F /* Build configuration list for PBXProject "BankManagerConsoleApp" */ = {
			isa = XCConfigurationList;
			buildConfigurations = (
				C7694E7B259C3EC00053667F /* Debug */,
				C7694E7C259C3EC00053667F /* Release */,
			);
			defaultConfigurationIsVisible = 0;
			defaultConfigurationName = Release;
		};
		C7694E7D259C3EC00053667F /* Build configuration list for PBXNativeTarget "BankManagerConsoleApp" */ = {
			isa = XCConfigurationList;
			buildConfigurations = (
				C7694E7E259C3EC00053667F /* Debug */,
				C7694E7F259C3EC00053667F /* Release */,
			);
			defaultConfigurationIsVisible = 0;
			defaultConfigurationName = Release;
		};
/* End XCConfigurationList section */
	};
	rootObject = C7694E6E259C3EC00053667F /* Project object */;
}
